// !$*UTF8*$!
{
	archiveVersion = 1;
	classes = {
	};
	objectVersion = 55;
	objects = {

/* Begin PBXBuildFile section */
		D05CC2942AB2402700BF62CB /* AppDelegate.swift in Sources */ = {isa = PBXBuildFile; fileRef = D05CC2932AB2402700BF62CB /* AppDelegate.swift */; };
		D05CC2962AB2402700BF62CB /* SceneDelegate.swift in Sources */ = {isa = PBXBuildFile; fileRef = D05CC2952AB2402700BF62CB /* SceneDelegate.swift */; };
		D05CC2982AB2402700BF62CB /* ViewController.swift in Sources */ = {isa = PBXBuildFile; fileRef = D05CC2972AB2402700BF62CB /* ViewController.swift */; };
		D05CC29B2AB2402700BF62CB /* Main.storyboard in Resources */ = {isa = PBXBuildFile; fileRef = D05CC2992AB2402700BF62CB /* Main.storyboard */; };
		D05CC29D2AB2402800BF62CB /* Assets.xcassets in Resources */ = {isa = PBXBuildFile; fileRef = D05CC29C2AB2402800BF62CB /* Assets.xcassets */; };
		D05CC2A02AB2402800BF62CB /* LaunchScreen.storyboard in Resources */ = {isa = PBXBuildFile; fileRef = D05CC29E2AB2402800BF62CB /* LaunchScreen.storyboard */; };
		D05CC2AB2AB2402800BF62CB /* HackwichThree_MasterTests.swift in Sources */ = {isa = PBXBuildFile; fileRef = D05CC2AA2AB2402800BF62CB /* HackwichThree_MasterTests.swift */; };
		D05CC2B52AB2402800BF62CB /* HackwichThree_MasterUITests.swift in Sources */ = {isa = PBXBuildFile; fileRef = D05CC2B42AB2402800BF62CB /* HackwichThree_MasterUITests.swift */; };
		D05CC2B72AB2402800BF62CB /* HackwichThree_MasterUITestsLaunchTests.swift in Sources */ = {isa = PBXBuildFile; fileRef = D05CC2B62AB2402800BF62CB /* HackwichThree_MasterUITestsLaunchTests.swift */; };
/* End PBXBuildFile section */

/* Begin PBXContainerItemProxy section */
		D05CC2A72AB2402800BF62CB /* PBXContainerItemProxy */ = {
			isa = PBXContainerItemProxy;
			containerPortal = D05CC2882AB2402700BF62CB /* Project object */;
			proxyType = 1;
			remoteGlobalIDString = D05CC28F2AB2402700BF62CB;
			remoteInfo = HackwichThree_Master;
		};
		D05CC2B12AB2402800BF62CB /* PBXContainerItemProxy */ = {
			isa = PBXContainerItemProxy;
			containerPortal = D05CC2882AB2402700BF62CB /* Project object */;
			proxyType = 1;
			remoteGlobalIDString = D05CC28F2AB2402700BF62CB;
			remoteInfo = HackwichThree_Master;
		};
/* End PBXContainerItemProxy section */

/* Begin PBXFileReference section */
		D05CC2902AB2402700BF62CB /* HackwichThree_Master.app */ = {isa = PBXFileReference; explicitFileType = wrapper.application; includeInIndex = 0; path = HackwichThree_Master.app; sourceTree = BUILT_PRODUCTS_DIR; };
		D05CC2932AB2402700BF62CB /* AppDelegate.swift */ = {isa = PBXFileReference; lastKnownFileType = sourcecode.swift; path = AppDelegate.swift; sourceTree = "<group>"; };
		D05CC2952AB2402700BF62CB /* SceneDelegate.swift */ = {isa = PBXFileReference; lastKnownFileType = sourcecode.swift; path = SceneDelegate.swift; sourceTree = "<group>"; };
		D05CC2972AB2402700BF62CB /* ViewController.swift */ = {isa = PBXFileReference; lastKnownFileType = sourcecode.swift; path = ViewController.swift; sourceTree = "<group>"; };
		D05CC29A2AB2402700BF62CB /* Base */ = {isa = PBXFileReference; lastKnownFileType = file.storyboard; name = Base; path = Base.lproj/Main.storyboard; sourceTree = "<group>"; };
		D05CC29C2AB2402800BF62CB /* Assets.xcassets */ = {isa = PBXFileReference; lastKnownFileType = folder.assetcatalog; path = Assets.xcassets; sourceTree = "<group>"; };
		D05CC29F2AB2402800BF62CB /* Base */ = {isa = PBXFileReference; lastKnownFileType = file.storyboard; name = Base; path = Base.lproj/LaunchScreen.storyboard; sourceTree = "<group>"; };
		D05CC2A12AB2402800BF62CB /* Info.plist */ = {isa = PBXFileReference; lastKnownFileType = text.plist.xml; path = Info.plist; sourceTree = "<group>"; };
		D05CC2A62AB2402800BF62CB /* HackwichThree_MasterTests.xctest */ = {isa = PBXFileReference; explicitFileType = wrapper.cfbundle; includeInIndex = 0; path = HackwichThree_MasterTests.xctest; sourceTree = BUILT_PRODUCTS_DIR; };
		D05CC2AA2AB2402800BF62CB /* HackwichThree_MasterTests.swift */ = {isa = PBXFileReference; lastKnownFileType = sourcecode.swift; path = HackwichThree_MasterTests.swift; sourceTree = "<group>"; };
		D05CC2B02AB2402800BF62CB /* HackwichThree_MasterUITests.xctest */ = {isa = PBXFileReference; explicitFileType = wrapper.cfbundle; includeInIndex = 0; path = HackwichThree_MasterUITests.xctest; sourceTree = BUILT_PRODUCTS_DIR; };
		D05CC2B42AB2402800BF62CB /* HackwichThree_MasterUITests.swift */ = {isa = PBXFileReference; lastKnownFileType = sourcecode.swift; path = HackwichThree_MasterUITests.swift; sourceTree = "<group>"; };
		D05CC2B62AB2402800BF62CB /* HackwichThree_MasterUITestsLaunchTests.swift */ = {isa = PBXFileReference; lastKnownFileType = sourcecode.swift; path = HackwichThree_MasterUITestsLaunchTests.swift; sourceTree = "<group>"; };
/* End PBXFileReference section */

/* Begin PBXFrameworksBuildPhase section */
		D05CC28D2AB2402700BF62CB /* Frameworks */ = {
			isa = PBXFrameworksBuildPhase;
			buildActionMask = 2147483647;
			files = (
			);
			runOnlyForDeploymentPostprocessing = 0;
		};
		D05CC2A32AB2402800BF62CB /* Frameworks */ = {
			isa = PBXFrameworksBuildPhase;
			buildActionMask = 2147483647;
			files = (
			);
			runOnlyForDeploymentPostprocessing = 0;
		};
		D05CC2AD2AB2402800BF62CB /* Frameworks */ = {
			isa = PBXFrameworksBuildPhase;
			buildActionMask = 2147483647;
			files = (
			);
			runOnlyForDeploymentPostprocessing = 0;
		};
/* End PBXFrameworksBuildPhase section */

/* Begin PBXGroup section */
		D05CC2872AB2402700BF62CB = {
			isa = PBXGroup;
			children = (
				D05CC2922AB2402700BF62CB /* HackwichThree_Master */,
				D05CC2A92AB2402800BF62CB /* HackwichThree_MasterTests */,
				D05CC2B32AB2402800BF62CB /* HackwichThree_MasterUITests */,
				D05CC2912AB2402700BF62CB /* Products */,
			);
			sourceTree = "<group>";
		};
		D05CC2912AB2402700BF62CB /* Products */ = {
			isa = PBXGroup;
			children = (
				D05CC2902AB2402700BF62CB /* HackwichThree_Master.app */,
				D05CC2A62AB2402800BF62CB /* HackwichThree_MasterTests.xctest */,
				D05CC2B02AB2402800BF62CB /* HackwichThree_MasterUITests.xctest */,
			);
			name = Products;
			sourceTree = "<group>";
		};
		D05CC2922AB2402700BF62CB /* HackwichThree_Master */ = {
			isa = PBXGroup;
			children = (
				D05CC2932AB2402700BF62CB /* AppDelegate.swift */,
				D05CC2952AB2402700BF62CB /* SceneDelegate.swift */,
				D05CC2972AB2402700BF62CB /* ViewController.swift */,
				D05CC2992AB2402700BF62CB /* Main.storyboard */,
				D05CC29C2AB2402800BF62CB /* Assets.xcassets */,
				D05CC29E2AB2402800BF62CB /* LaunchScreen.storyboard */,
				D05CC2A12AB2402800BF62CB /* Info.plist */,
			);
			path = HackwichThree_Master;
			sourceTree = "<group>";
		};
		D05CC2A92AB2402800BF62CB /* HackwichThree_MasterTests */ = {
			isa = PBXGroup;
			children = (
				D05CC2AA2AB2402800BF62CB /* HackwichThree_MasterTests.swift */,
			);
			path = HackwichThree_MasterTests;
			sourceTree = "<group>";
		};
		D05CC2B32AB2402800BF62CB /* HackwichThree_MasterUITests */ = {
			isa = PBXGroup;
			children = (
				D05CC2B42AB2402800BF62CB /* HackwichThree_MasterUITests.swift */,
				D05CC2B62AB2402800BF62CB /* HackwichThree_MasterUITestsLaunchTests.swift */,
			);
			path = HackwichThree_MasterUITests;
			sourceTree = "<group>";
		};
/* End PBXGroup section */

/* Begin PBXNativeTarget section */
		D05CC28F2AB2402700BF62CB /* HackwichThree_Master */ = {
			isa = PBXNativeTarget;
			buildConfigurationList = D05CC2BA2AB2402800BF62CB /* Build configuration list for PBXNativeTarget "HackwichThree_Master" */;
			buildPhases = (
				D05CC28C2AB2402700BF62CB /* Sources */,
				D05CC28D2AB2402700BF62CB /* Frameworks */,
				D05CC28E2AB2402700BF62CB /* Resources */,
			);
			buildRules = (
			);
			dependencies = (
			);
			name = HackwichThree_Master;
			productName = HackwichThree_Master;
			productReference = D05CC2902AB2402700BF62CB /* HackwichThree_Master.app */;
			productType = "com.apple.product-type.application";
		};
		D05CC2A52AB2402800BF62CB /* HackwichThree_MasterTests */ = {
			isa = PBXNativeTarget;
			buildConfigurationList = D05CC2BD2AB2402800BF62CB /* Build configuration list for PBXNativeTarget "HackwichThree_MasterTests" */;
			buildPhases = (
				D05CC2A22AB2402800BF62CB /* Sources */,
				D05CC2A32AB2402800BF62CB /* Frameworks */,
				D05CC2A42AB2402800BF62CB /* Resources */,
			);
			buildRules = (
			);
			dependencies = (
				D05CC2A82AB2402800BF62CB /* PBXTargetDependency */,
			);
			name = HackwichThree_MasterTests;
			productName = HackwichThree_MasterTests;
			productReference = D05CC2A62AB2402800BF62CB /* HackwichThree_MasterTests.xctest */;
			productType = "com.apple.product-type.bundle.unit-test";
		};
		D05CC2AF2AB2402800BF62CB /* HackwichThree_MasterUITests */ = {
			isa = PBXNativeTarget;
			buildConfigurationList = D05CC2C02AB2402800BF62CB /* Build configuration list for PBXNativeTarget "HackwichThree_MasterUITests" */;
			buildPhases = (
				D05CC2AC2AB2402800BF62CB /* Sources */,
				D05CC2AD2AB2402800BF62CB /* Frameworks */,
				D05CC2AE2AB2402800BF62CB /* Resources */,
			);
			buildRules = (
			);
			dependencies = (
				D05CC2B22AB2402800BF62CB /* PBXTargetDependency */,
			);
			name = HackwichThree_MasterUITests;
			productName = HackwichThree_MasterUITests;
			productReference = D05CC2B02AB2402800BF62CB /* HackwichThree_MasterUITests.xctest */;
			productType = "com.apple.product-type.bundle.ui-testing";
		};
/* End PBXNativeTarget section */

/* Begin PBXProject section */
		D05CC2882AB2402700BF62CB /* Project object */ = {
			isa = PBXProject;
			attributes = {
				BuildIndependentTargetsInParallel = 1;
				LastSwiftUpdateCheck = 1340;
				LastUpgradeCheck = 1340;
				TargetAttributes = {
					D05CC28F2AB2402700BF62CB = {
						CreatedOnToolsVersion = 13.4.1;
					};
					D05CC2A52AB2402800BF62CB = {
						CreatedOnToolsVersion = 13.4.1;
						TestTargetID = D05CC28F2AB2402700BF62CB;
					};
					D05CC2AF2AB2402800BF62CB = {
						CreatedOnToolsVersion = 13.4.1;
						TestTargetID = D05CC28F2AB2402700BF62CB;
					};
				};
			};
			buildConfigurationList = D05CC28B2AB2402700BF62CB /* Build configuration list for PBXProject "HackwichThree_Master" */;
			compatibilityVersion = "Xcode 13.0";
			developmentRegion = en;
			hasScannedForEncodings = 0;
			knownRegions = (
				en,
				Base,
			);
			mainGroup = D05CC2872AB2402700BF62CB;
			productRefGroup = D05CC2912AB2402700BF62CB /* Products */;
			projectDirPath = "";
			projectRoot = "";
			targets = (
				D05CC28F2AB2402700BF62CB /* HackwichThree_Master */,
				D05CC2A52AB2402800BF62CB /* HackwichThree_MasterTests */,
				D05CC2AF2AB2402800BF62CB /* HackwichThree_MasterUITests */,
			);
		};
/* End PBXProject section */

/* Begin PBXResourcesBuildPhase section */
		D05CC28E2AB2402700BF62CB /* Resources */ = {
			isa = PBXResourcesBuildPhase;
			buildActionMask = 2147483647;
			files = (
				D05CC2A02AB2402800BF62CB /* LaunchScreen.storyboard in Resources */,
				D05CC29D2AB2402800BF62CB /* Assets.xcassets in Resources */,
				D05CC29B2AB2402700BF62CB /* Main.storyboard in Resources */,
			);
			runOnlyForDeploymentPostprocessing = 0;
		};
		D05CC2A42AB2402800BF62CB /* Resources */ = {
			isa = PBXResourcesBuildPhase;
			buildActionMask = 2147483647;
			files = (
			);
			runOnlyForDeploymentPostprocessing = 0;
		};
		D05CC2AE2AB2402800BF62CB /* Resources */ = {
			isa = PBXResourcesBuildPhase;
			buildActionMask = 2147483647;
			files = (
			);
			runOnlyForDeploymentPostprocessing = 0;
		};
/* End PBXResourcesBuildPhase section */

/* Begin PBXSourcesBuildPhase section */
		D05CC28C2AB2402700BF62CB /* Sources */ = {
			isa = PBXSourcesBuildPhase;
			buildActionMask = 2147483647;
			files = (
				D05CC2982AB2402700BF62CB /* ViewController.swift in Sources */,
				D05CC2942AB2402700BF62CB /* AppDelegate.swift in Sources */,
				D05CC2962AB2402700BF62CB /* SceneDelegate.swift in Sources */,
			);
			runOnlyForDeploymentPostprocessing = 0;
		};
		D05CC2A22AB2402800BF62CB /* Sources */ = {
			isa = PBXSourcesBuildPhase;
			buildActionMask = 2147483647;
			files = (
				D05CC2AB2AB2402800BF62CB /* HackwichThree_MasterTests.swift in Sources */,
			);
			runOnlyForDeploymentPostprocessing = 0;
		};
		D05CC2AC2AB2402800BF62CB /* Sources */ = {
			isa = PBXSourcesBuildPhase;
			buildActionMask = 2147483647;
			files = (
				D05CC2B52AB2402800BF62CB /* HackwichThree_MasterUITests.swift in Sources */,
				D05CC2B72AB2402800BF62CB /* HackwichThree_MasterUITestsLaunchTests.swift in Sources */,
			);
			runOnlyForDeploymentPostprocessing = 0;
		};
/* End PBXSourcesBuildPhase section */

/* Begin PBXTargetDependency section */
		D05CC2A82AB2402800BF62CB /* PBXTargetDependency */ = {
			isa = PBXTargetDependency;
			target = D05CC28F2AB2402700BF62CB /* HackwichThree_Master */;
			targetProxy = D05CC2A72AB2402800BF62CB /* PBXContainerItemProxy */;
		};
		D05CC2B22AB2402800BF62CB /* PBXTargetDependency */ = {
			isa = PBXTargetDependency;
			target = D05CC28F2AB2402700BF62CB /* HackwichThree_Master */;
			targetProxy = D05CC2B12AB2402800BF62CB /* PBXContainerItemProxy */;
		};
/* End PBXTargetDependency section */

/* Begin PBXVariantGroup section */
		D05CC2992AB2402700BF62CB /* Main.storyboard */ = {
			isa = PBXVariantGroup;
			children = (
				D05CC29A2AB2402700BF62CB /* Base */,
			);
			name = Main.storyboard;
			sourceTree = "<group>";
		};
		D05CC29E2AB2402800BF62CB /* LaunchScreen.storyboard */ = {
			isa = PBXVariantGroup;
			children = (
				D05CC29F2AB2402800BF62CB /* Base */,
			);
			name = LaunchScreen.storyboard;
			sourceTree = "<group>";
		};
/* End PBXVariantGroup section */

/* Begin XCBuildConfiguration section */
		D05CC2B82AB2402800BF62CB /* Debug */ = {
			isa = XCBuildConfiguration;
			buildSettings = {
				ALWAYS_SEARCH_USER_PATHS = NO;
				CLANG_ANALYZER_NONNULL = YES;
				CLANG_ANALYZER_NUMBER_OBJECT_CONVERSION = YES_AGGRESSIVE;
				CLANG_CXX_LANGUAGE_STANDARD = "gnu++17";
				CLANG_ENABLE_MODULES = YES;
				CLANG_ENABLE_OBJC_ARC = YES;
				CLANG_ENABLE_OBJC_WEAK = YES;
				CLANG_WARN_BLOCK_CAPTURE_AUTORELEASING = YES;
				CLANG_WARN_BOOL_CONVERSION = YES;
				CLANG_WARN_COMMA = YES;
				CLANG_WARN_CONSTANT_CONVERSION = YES;
				CLANG_WARN_DEPRECATED_OBJC_IMPLEMENTATIONS = YES;
				CLANG_WARN_DIRECT_OBJC_ISA_USAGE = YES_ERROR;
				CLANG_WARN_DOCUMENTATION_COMMENTS = YES;
				CLANG_WARN_EMPTY_BODY = YES;
				CLANG_WARN_ENUM_CONVERSION = YES;
				CLANG_WARN_INFINITE_RECURSION = YES;
				CLANG_WARN_INT_CONVERSION = YES;
				CLANG_WARN_NON_LITERAL_NULL_CONVERSION = YES;
				CLANG_WARN_OBJC_IMPLICIT_RETAIN_SELF = YES;
				CLANG_WARN_OBJC_LITERAL_CONVERSION = YES;
				CLANG_WARN_OBJC_ROOT_CLASS = YES_ERROR;
				CLANG_WARN_QUOTED_INCLUDE_IN_FRAMEWORK_HEADER = YES;
				CLANG_WARN_RANGE_LOOP_ANALYSIS = YES;
				CLANG_WARN_STRICT_PROTOTYPES = YES;
				CLANG_WARN_SUSPICIOUS_MOVE = YES;
				CLANG_WARN_UNGUARDED_AVAILABILITY = YES_AGGRESSIVE;
				CLANG_WARN_UNREACHABLE_CODE = YES;
				CLANG_WARN__DUPLICATE_METHOD_MATCH = YES;
				COPY_PHASE_STRIP = NO;
				DEBUG_INFORMATION_FORMAT = dwarf;
				ENABLE_STRICT_OBJC_MSGSEND = YES;
				ENABLE_TESTABILITY = YES;
				GCC_C_LANGUAGE_STANDARD = gnu11;
				GCC_DYNAMIC_NO_PIC = NO;
				GCC_NO_COMMON_BLOCKS = YES;
				GCC_OPTIMIZATION_LEVEL = 0;
				GCC_PREPROCESSOR_DEFINITIONS = (
					"DEBUG=1",
					"$(inherited)",
				);
				GCC_WARN_64_TO_32_BIT_CONVERSION = YES;
				GCC_WARN_ABOUT_RETURN_TYPE = YES_ERROR;
				GCC_WARN_UNDECLARED_SELECTOR = YES;
				GCC_WARN_UNINITIALIZED_AUTOS = YES_AGGRESSIVE;
				GCC_WARN_UNUSED_FUNCTION = YES;
				GCC_WARN_UNUSED_VARIABLE = YES;
				IPHONEOS_DEPLOYMENT_TARGET = 15.5;
				MTL_ENABLE_DEBUG_INFO = INCLUDE_SOURCE;
				MTL_FAST_MATH = YES;
				ONLY_ACTIVE_ARCH = YES;
				SDKROOT = iphoneos;
				SWIFT_ACTIVE_COMPILATION_CONDITIONS = DEBUG;
				SWIFT_OPTIMIZATION_LEVEL = "-Onone";
			};
			name = Debug;
		};
		D05CC2B92AB2402800BF62CB /* Release */ = {
			isa = XCBuildConfiguration;
			buildSettings = {
				ALWAYS_SEARCH_USER_PATHS = NO;
				CLANG_ANALYZER_NONNULL = YES;
				CLANG_ANALYZER_NUMBER_OBJECT_CONVERSION = YES_AGGRESSIVE;
				CLANG_CXX_LANGUAGE_STANDARD = "gnu++17";
				CLANG_ENABLE_MODULES = YES;
				CLANG_ENABLE_OBJC_ARC = YES;
				CLANG_ENABLE_OBJC_WEAK = YES;
				CLANG_WARN_BLOCK_CAPTURE_AUTORELEASING = YES;
				CLANG_WARN_BOOL_CONVERSION = YES;
				CLANG_WARN_COMMA = YES;
				CLANG_WARN_CONSTANT_CONVERSION = YES;
				CLANG_WARN_DEPRECATED_OBJC_IMPLEMENTATIONS = YES;
				CLANG_WARN_DIRECT_OBJC_ISA_USAGE = YES_ERROR;
				CLANG_WARN_DOCUMENTATION_COMMENTS = YES;
				CLANG_WARN_EMPTY_BODY = YES;
				CLANG_WARN_ENUM_CONVERSION = YES;
				CLANG_WARN_INFINITE_RECURSION = YES;
				CLANG_WARN_INT_CONVERSION = YES;
				CLANG_WARN_NON_LITERAL_NULL_CONVERSION = YES;
				CLANG_WARN_OBJC_IMPLICIT_RETAIN_SELF = YES;
				CLANG_WARN_OBJC_LITERAL_CONVERSION = YES;
				CLANG_WARN_OBJC_ROOT_CLASS = YES_ERROR;
				CLANG_WARN_QUOTED_INCLUDE_IN_FRAMEWORK_HEADER = YES;
				CLANG_WARN_RANGE_LOOP_ANALYSIS = YES;
				CLANG_WARN_STRICT_PROTOTYPES = YES;
				CLANG_WARN_SUSPICIOUS_MOVE = YES;
				CLANG_WARN_UNGUARDED_AVAILABILITY = YES_AGGRESSIVE;
				CLANG_WARN_UNREACHABLE_CODE = YES;
				CLANG_WARN__DUPLICATE_METHOD_MATCH = YES;
				COPY_PHASE_STRIP = NO;
				DEBUG_INFORMATION_FORMAT = "dwarf-with-dsym";
				ENABLE_NS_ASSERTIONS = NO;
				ENABLE_STRICT_OBJC_MSGSEND = YES;
				GCC_C_LANGUAGE_STANDARD = gnu11;
				GCC_NO_COMMON_BLOCKS = YES;
				GCC_WARN_64_TO_32_BIT_CONVERSION = YES;
				GCC_WARN_ABOUT_RETURN_TYPE = YES_ERROR;
				GCC_WARN_UNDECLARED_SELECTOR = YES;
				GCC_WARN_UNINITIALIZED_AUTOS = YES_AGGRESSIVE;
				GCC_WARN_UNUSED_FUNCTION = YES;
				GCC_WARN_UNUSED_VARIABLE = YES;
				IPHONEOS_DEPLOYMENT_TARGET = 15.5;
				MTL_ENABLE_DEBUG_INFO = NO;
				MTL_FAST_MATH = YES;
				SDKROOT = iphoneos;
				SWIFT_COMPILATION_MODE = wholemodule;
				SWIFT_OPTIMIZATION_LEVEL = "-O";
				VALIDATE_PRODUCT = YES;
			};
			name = Release;
		};
		D05CC2BB2AB2402800BF62CB /* Debug */ = {
			isa = XCBuildConfiguration;
			buildSettings = {
				ASSETCATALOG_COMPILER_APPICON_NAME = AppIcon;
				ASSETCATALOG_COMPILER_GLOBAL_ACCENT_COLOR_NAME = AccentColor;
				CODE_SIGN_STYLE = Automatic;
				CURRENT_PROJECT_VERSION = 1;
				DEVELOPMENT_TEAM = RKE9UY8PW2;
				GENERATE_INFOPLIST_FILE = YES;
				INFOPLIST_FILE = HackwichThree_Master/Info.plist;
				INFOPLIST_KEY_UIApplicationSupportsIndirectInputEvents = YES;
				INFOPLIST_KEY_UILaunchStoryboardName = LaunchScreen;
				INFOPLIST_KEY_UIMainStoryboardFile = Main;
				INFOPLIST_KEY_UISupportedInterfaceOrientations_iPad = "UIInterfaceOrientationPortrait UIInterfaceOrientationPortraitUpsideDown UIInterfaceOrientationLandscapeLeft UIInterfaceOrientationLandscapeRight";
				INFOPLIST_KEY_UISupportedInterfaceOrientations_iPhone = "UIInterfaceOrientationPortrait UIInterfaceOrientationLandscapeLeft UIInterfaceOrientationLandscapeRight";
				LD_RUNPATH_SEARCH_PATHS = (
					"$(inherited)",
					"@executable_path/Frameworks",
				);
				MARKETING_VERSION = 1.0;
				PRODUCT_BUNDLE_IDENTIFIER = "UHWO.HackwichThree-Master";
				PRODUCT_NAME = "$(TARGET_NAME)";
				SWIFT_EMIT_LOC_STRINGS = YES;
				SWIFT_VERSION = 5.0;
				TARGETED_DEVICE_FAMILY = "1,2";
			};
			name = Debug;
		};
		D05CC2BC2AB2402800BF62CB /* Release */ = {
			isa = XCBuildConfiguration;
			buildSettings = {
				ASSETCATALOG_COMPILER_APPICON_NAME = AppIcon;
				ASSETCATALOG_COMPILER_GLOBAL_ACCENT_COLOR_NAME = AccentColor;
				CODE_SIGN_STYLE = Automatic;
				CURRENT_PROJECT_VERSION = 1;
				DEVELOPMENT_TEAM = RKE9UY8PW2;
				GENERATE_INFOPLIST_FILE = YES;
				INFOPLIST_FILE = HackwichThree_Master/Info.plist;
				INFOPLIST_KEY_UIApplicationSupportsIndirectInputEvents = YES;
				INFOPLIST_KEY_UILaunchStoryboardName = LaunchScreen;
				INFOPLIST_KEY_UIMainStoryboardFile = Main;
				INFOPLIST_KEY_UISupportedInterfaceOrientations_iPad = "UIInterfaceOrientationPortrait UIInterfaceOrientationPortraitUpsideDown UIInterfaceOrientationLandscapeLeft UIInterfaceOrientationLandscapeRight";
				INFOPLIST_KEY_UISupportedInterfaceOrientations_iPhone = "UIInterfaceOrientationPortrait UIInterfaceOrientationLandscapeLeft UIInterfaceOrientationLandscapeRight";
				LD_RUNPATH_SEARCH_PATHS = (
					"$(inherited)",
					"@executable_path/Frameworks",
				);
				MARKETING_VERSION = 1.0;
				PRODUCT_BUNDLE_IDENTIFIER = "UHWO.HackwichThree-Master";
				PRODUCT_NAME = "$(TARGET_NAME)";
				SWIFT_EMIT_LOC_STRINGS = YES;
				SWIFT_VERSION = 5.0;
				TARGETED_DEVICE_FAMILY = "1,2";
			};
			name = Release;
		};
		D05CC2BE2AB2402800BF62CB /* Debug */ = {
			isa = XCBuildConfiguration;
			buildSettings = {
				ALWAYS_EMBED_SWIFT_STANDARD_LIBRARIES = YES;
				BUNDLE_LOADER = "$(TEST_HOST)";
				CODE_SIGN_STYLE = Automatic;
				CURRENT_PROJECT_VERSION = 1;
				DEVELOPMENT_TEAM = RKE9UY8PW2;
				GENERATE_INFOPLIST_FILE = YES;
				IPHONEOS_DEPLOYMENT_TARGET = 15.5;
				MARKETING_VERSION = 1.0;
				PRODUCT_BUNDLE_IDENTIFIER = "UHWO.HackwichThree-MasterTests";
				PRODUCT_NAME = "$(TARGET_NAME)";
				SWIFT_EMIT_LOC_STRINGS = NO;
				SWIFT_VERSION = 5.0;
				TARGETED_DEVICE_FAMILY = "1,2";
				TEST_HOST = "$(BUILT_PRODUCTS_DIR)/HackwichThree_Master.app/HackwichThree_Master";
			};
			name = Debug;
		};
		D05CC2BF2AB2402800BF62CB /* Release */ = {
			isa = XCBuildConfiguration;
			buildSettings = {
				ALWAYS_EMBED_SWIFT_STANDARD_LIBRARIES = YES;
				BUNDLE_LOADER = "$(TEST_HOST)";
				CODE_SIGN_STYLE = Automatic;
				CURRENT_PROJECT_VERSION = 1;
				DEVELOPMENT_TEAM = RKE9UY8PW2;
				GENERATE_INFOPLIST_FILE = YES;
				IPHONEOS_DEPLOYMENT_TARGET = 15.5;
				MARKETING_VERSION = 1.0;
				PRODUCT_BUNDLE_IDENTIFIER = "UHWO.HackwichThree-MasterTests";
				PRODUCT_NAME = "$(TARGET_NAME)";
				SWIFT_EMIT_LOC_STRINGS = NO;
				SWIFT_VERSION = 5.0;
				TARGETED_DEVICE_FAMILY = "1,2";
				TEST_HOST = "$(BUILT_PRODUCTS_DIR)/HackwichThree_Master.app/HackwichThree_Master";
			};
			name = Release;
		};
		D05CC2C12AB2402800BF62CB /* Debug */ = {
			isa = XCBuildConfiguration;
			buildSettings = {
				ALWAYS_EMBED_SWIFT_STANDARD_LIBRARIES = YES;
				CODE_SIGN_STYLE = Automatic;
				CURRENT_PROJECT_VERSION = 1;
				DEVELOPMENT_TEAM = RKE9UY8PW2;
				GENERATE_INFOPLIST_FILE = YES;
				MARKETING_VERSION = 1.0;
				PRODUCT_BUNDLE_IDENTIFIER = "UHWO.HackwichThree-MasterUITests";
				PRODUCT_NAME = "$(TARGET_NAME)";
				SWIFT_EMIT_LOC_STRINGS = NO;
				SWIFT_VERSION = 5.0;
				TARGETED_DEVICE_FAMILY = "1,2";
				TEST_TARGET_NAME = HackwichThree_Master;
			};
			name = Debug;
		};
		D05CC2C22AB2402800BF62CB /* Release */ = {
			isa = XCBuildConfiguration;
			buildSettings = {
				ALWAYS_EMBED_SWIFT_STANDARD_LIBRARIES = YES;
				CODE_SIGN_STYLE = Automatic;
				CURRENT_PROJECT_VERSION = 1;
				DEVELOPMENT_TEAM = RKE9UY8PW2;
				GENERATE_INFOPLIST_FILE = YES;
				MARKETING_VERSION = 1.0;
				PRODUCT_BUNDLE_IDENTIFIER = "UHWO.HackwichThree-MasterUITests";
				PRODUCT_NAME = "$(TARGET_NAME)";
				SWIFT_EMIT_LOC_STRINGS = NO;
				SWIFT_VERSION = 5.0;
				TARGETED_DEVICE_FAMILY = "1,2";
				TEST_TARGET_NAME = HackwichThree_Master;
			};
			name = Release;
		};
/* End XCBuildConfiguration section */

/* Begin XCConfigurationList section */
		D05CC28B2AB2402700BF62CB /* Build configuration list for PBXProject "HackwichThree_Master" */ = {
			isa = XCConfigurationList;
			buildConfigurations = (
				D05CC2B82AB2402800BF62CB /* Debug */,
				D05CC2B92AB2402800BF62CB /* Release */,
			);
			defaultConfigurationIsVisible = 0;
			defaultConfigurationName = Release;
		};
		D05CC2BA2AB2402800BF62CB /* Build configuration list for PBXNativeTarget "HackwichThree_Master" */ = {
			isa = XCConfigurationList;
			buildConfigurations = (
				D05CC2BB2AB2402800BF62CB /* Debug */,
				D05CC2BC2AB2402800BF62CB /* Release */,
			);
			defaultConfigurationIsVisible = 0;
			defaultConfigurationName = Release;
		};
		D05CC2BD2AB2402800BF62CB /* Build configuration list for PBXNativeTarget "HackwichThree_MasterTests" */ = {
			isa = XCConfigurationList;
			buildConfigurations = (
				D05CC2BE2AB2402800BF62CB /* Debug */,
				D05CC2BF2AB2402800BF62CB /* Release */,
			);
			defaultConfigurationIsVisible = 0;
			defaultConfigurationName = Release;
		};
		D05CC2C02AB2402800BF62CB /* Build configuration list for PBXNativeTarget "HackwichThree_MasterUITests" */ = {
			isa = XCConfigurationList;
			buildConfigurations = (
				D05CC2C12AB2402800BF62CB /* Debug */,
				D05CC2C22AB2402800BF62CB /* Release */,
			);
			defaultConfigurationIsVisible = 0;
			defaultConfigurationName = Release;
		};
/* End XCConfigurationList section */
	};
	rootObject = D05CC2882AB2402700BF62CB /* Project object */;
}
